schema: '2.0'
stages:
  data_ingestion:
    cmd: python src/data_ingestion.py
    deps:
    - path: src/data_ingestion.py
      hash: md5
      md5: 509b947fcd47176a387281c91e8ccc92
      size: 3537
    params:
      params.yaml:
        data_ingestion.test_size: 0.2
    outs:
    - path: data/raw
      hash: md5
      md5: 1a287d34dc172d9f950c03dae35f7e73.dir
      size: 484846
      nfiles: 2
  data_preprocessing:
    cmd: python src/data_preprocessing.py
    deps:
    - path: data/raw
      hash: md5
      md5: 1a287d34dc172d9f950c03dae35f7e73.dir
      size: 484846
      nfiles: 2
    - path: src/data_preprocessing.py
      hash: md5
      md5: 610d9748a8bc49fcdca81d8449820ab5
      size: 3865
    outs:
    - path: data/interim
      hash: md5
      md5: 095c39a135aaa52ea387aa07dc186926.dir
      size: 260230
      nfiles: 2
  feature_engineering:
    cmd: python src/feature_engineering.py
    deps:
    - path: data/interim
      hash: md5
      md5: 095c39a135aaa52ea387aa07dc186926.dir
      size: 260230
      nfiles: 2
    - path: src/feature_engineering.py
      hash: md5
      md5: ea128b878638060043f87222ee247e05
      size: 3802
    params:
      params.yaml:
        feature_engineering.max_features: 35
    outs:
    - path: data/processed
      hash: md5
      md5: 746644b26abe11ed2fd7ea27c1d35686.dir
      size: 834765
      nfiles: 2
  model_building:
    cmd: python src/model_building.py
    deps:
    - path: data/processed
      hash: md5
      md5: 746644b26abe11ed2fd7ea27c1d35686.dir
      size: 834765
      nfiles: 2
    - path: src/model_building.py
      hash: md5
      md5: e840c9586391cad207e311cbfed2a155
      size: 4385
    params:
      params.yaml:
        model_building.n_estimators: 22
        model_building.random_state: 2
    outs:
    - path: models/model.pkl
      hash: md5
      md5: 1135b37b5a961af4ff28830e0b2b8e21
      size: 719595
  model_evaluation:
    cmd: python src/model_evaluation.py
    deps:
    - path: models/model.pkl
      hash: md5
      md5: 1135b37b5a961af4ff28830e0b2b8e21
      size: 719595
    - path: src/model_evaluation.py
      hash: md5
      md5: 4fd8944e7576f5bbad6dfe5da84bca5d
      size: 3530
    outs:
    - path: reports/metrics.json
      hash: md5
      md5: abba219d58644dde3de017d8eedbd8b8
      size: 145
