schema: '2.0'
stages:
  data_ingestion:
    cmd: python src/data_ingestion.py
    deps:
    - path: src/data_ingestion.py
      hash: md5
      md5: 509b947fcd47176a387281c91e8ccc92
      size: 3537
    params:
      params.yaml:
        data_ingestion.test_size: 0.3
    outs:
    - path: data/raw
      hash: md5
      md5: d26befd2dda9438254177d9000d9ba1f.dir
      size: 484846
      nfiles: 2
  data_preprocessing:
    cmd: python src/data_preprocessing.py
    deps:
    - path: data/raw
      hash: md5
      md5: d26befd2dda9438254177d9000d9ba1f.dir
      size: 484846
      nfiles: 2
    - path: src/data_preprocessing.py
      hash: md5
      md5: 610d9748a8bc49fcdca81d8449820ab5
      size: 3865
    outs:
    - path: data/interim
      hash: md5
      md5: 1d87f8ef6a306b1fc6de45ac2aea5293.dir
      size: 262675
      nfiles: 2
  feature_engineering:
    cmd: python src/feature_engineering.py
    deps:
    - path: data/interim
      hash: md5
      md5: 1d87f8ef6a306b1fc6de45ac2aea5293.dir
      size: 262675
      nfiles: 2
    - path: src/feature_engineering.py
      hash: md5
      md5: ea128b878638060043f87222ee247e05
      size: 3802
    params:
      params.yaml:
        feature_engineering.max_features: 45
    outs:
    - path: data/processed
      hash: md5
      md5: 34deb2e1ffde8bb77588a12a88464d3c.dir
      size: 1073378
      nfiles: 2
  model_building:
    cmd: python src/model_building.py
    deps:
    - path: data/processed
      hash: md5
      md5: 34deb2e1ffde8bb77588a12a88464d3c.dir
      size: 1073378
      nfiles: 2
    - path: src/model_building.py
      hash: md5
      md5: e840c9586391cad207e311cbfed2a155
      size: 4385
    params:
      params.yaml:
        model_building.n_estimators: 25
        model_building.random_state: 2
    outs:
    - path: models/model.pkl
      hash: md5
      md5: 7e1d0e47de8e7cdaf27bf3cb151e768c
      size: 867745
  model_evaluation:
    cmd: python src/model_evaluation.py
    deps:
    - path: models/model.pkl
      hash: md5
      md5: 7e1d0e47de8e7cdaf27bf3cb151e768c
      size: 867745
    - path: src/model_evaluation.py
      hash: md5
      md5: 8093e829abfbc6fa07a3a5cb51de1edc
      size: 4616
    outs:
    - path: reports/metrics.json
      hash: md5
      md5: abc176bc0e558561396dbd6b6d01c17c
      size: 144
